
Microsoft Visual Studio Solution File, Format Version 9.00
# Visual Studio 2005
Project("{2150E333-8FDC-42A3-9474-1A3956D46DE8}") = "Banshee", "Banshee", "{3F056FE5-1B1B-49F4-BDF6-40F6E04B67D0}"
EndProject
Project("{2150E333-8FDC-42A3-9474-1A3956D46DE8}") = "Extras", "Extras", "{A75152E8-0436-4A66-9271-91DF47786DEC}"
EndProject
Project("{FAE04EC0-301F-11D3-BF4B-00C04F79EFBC}") = "MusicBrainz", "src\Extras\MusicBrainz\MusicBrainz.csproj", "{922F1199-FC80-4DF4-B999-BCAEEB8494C6}"
EndProject
Project("{FAE04EC0-301F-11D3-BF4B-00C04F79EFBC}") = "Last.FM", "src\Extras\Last.FM\Last.FM.csproj", "{BF7D240C-D323-47DA-B14B-B0EE4452816B}"
EndProject
Project("{FAE04EC0-301F-11D3-BF4B-00C04F79EFBC}") = "Gnome.Keyring", "src\Extras\Gnome.Keyring\Gnome.Keyring.csproj", "{1987647C-6330-49BC-BBAE-7DC4A614F8B1}"
EndProject
Project("{FAE04EC0-301F-11D3-BF4B-00C04F79EFBC}") = "BooBuddy", "src\Extras\BooBuddy\BooBuddy.csproj", "{79F46094-5CA6-4B4F-ACFF-4E7AB5F8C91A}"
EndProject
Project("{2150E333-8FDC-42A3-9474-1A3956D46DE8}") = "Core", "Core", "{1F50233E-0D9D-4329-8AEC-07EA069ED6F4}"
EndProject
Project("{FAE04EC0-301F-11D3-BF4B-00C04F79EFBC}") = "Banshee.Widgets", "src\Core\Banshee.Widgets\Banshee.Widgets.csproj", "{B89B7A12-9FC2-4337-8ED6-1F0A6873329C}"
EndProject
Project("{FAE04EC0-301F-11D3-BF4B-00C04F79EFBC}") = "Banshee.Base", "src\Core\Banshee.Base\Banshee.Base.csproj", "{CD011A51-B1BA-414A-8BFD-CB36F4469856}"
EndProject
Project("{FAE04EC0-301F-11D3-BF4B-00C04F79EFBC}") = "Banshee", "src\Core\Banshee\Banshee.csproj", "{7C20256C-80D1-4634-A451-ED4BEB2A506B}"
EndProject
Project("{2150E333-8FDC-42A3-9474-1A3956D46DE8}") = "Engines", "Engines", "{AFF0F1D8-FB37-43E6-A471-A7977D12A56E}"
EndProject
Project("{FAE04EC0-301F-11D3-BF4B-00C04F79EFBC}") = "Banshee.MediaEngine.GStreamer", "src\Engines\Banshee.MediaEngine.GStreamer\Banshee.MediaEngine.GStreamer.csproj", "{22FAD697-E70C-48A4-89FB-744584C8F8FB}"
EndProject
Project("{2150E333-8FDC-42A3-9474-1A3956D46DE8}") = "Plugins", "Plugins", "{F0406367-8E01-410E-97D6-C57A72605955}"
EndProject
Project("{FAE04EC0-301F-11D3-BF4B-00C04F79EFBC}") = "Banshee.Plugins.Audioscrobbler", "src\Plugins\Banshee.Plugins.Audioscrobbler\Banshee.Plugins.Audioscrobbler.csproj", "{A0D8A5BB-3D0A-41C0-BA1F-108C682B460F}"
EndProject
Project("{FAE04EC0-301F-11D3-BF4B-00C04F79EFBC}") = "Banshee.Plugins.Bookmarks", "src\Plugins\Banshee.Plugins.Bookmarks\Banshee.Plugins.Bookmarks.csproj", "{65FEA78B-9780-4A9D-9E7A-765304A64673}"
EndProject
Project("{FAE04EC0-301F-11D3-BF4B-00C04F79EFBC}") = "Banshee.Plugins.Daap", "src\Plugins\Banshee.Plugins.Daap\Banshee.Plugins.Daap.csproj", "{C8019E1F-BD0C-4249-9038-4F743BC9F9CF}"
EndProject
Project("{FAE04EC0-301F-11D3-BF4B-00C04F79EFBC}") = "Banshee.Plugins.MetadataSearch", "src\Plugins\Banshee.Plugins.MetadataSearch\Banshee.Plugins.MetadataSearch.csproj", "{27B49C59-88F7-4EFC-A65B-7C10BA24B3D0}"
EndProject
Project("{FAE04EC0-301F-11D3-BF4B-00C04F79EFBC}") = "Banshee.Plugins.MMKeys", "src\Plugins\Banshee.Plugins.MMKeys\Banshee.Plugins.MMKeys.csproj", "{BE6A4F4D-3AB9-46B0-A673-BA12963ED1AD}"
EndProject
Project("{FAE04EC0-301F-11D3-BF4B-00C04F79EFBC}") = "Banshee.Plugins.NotificationAreaIcon", "src\Plugins\Banshee.Plugins.NotificationAreaIcon\Banshee.Plugins.NotificationAreaIcon.csproj", "{624EE2B8-E4A7-4E0B-AFB1-83E2299EC0DB}"
EndProject
Project("{FAE04EC0-301F-11D3-BF4B-00C04F79EFBC}") = "Banshee.Plugins.MiniMode", "src\Plugins\Banshee.Plugins.MiniMode\Banshee.Plugins.MiniMode.csproj", "{AE3CEFAF-272F-41D8-9B9C-6E60EA260043}"
EndProject
Project("{FAE04EC0-301F-11D3-BF4B-00C04F79EFBC}") = "Banshee.Plugins.Podcast", "src\Plugins\Banshee.Plugins.Podcast\Banshee.Plugins.Podcast.csproj", "{FF0D1E6C-4811-4E0F-8D2C-40932DD6EE20}"
EndProject
Project("{FAE04EC0-301F-11D3-BF4B-00C04F79EFBC}") = "Banshee.Plugins.Radio", "src\Plugins\Banshee.Plugins.Radio\Banshee.Plugins.Radio.csproj", "{A5C372AB-F37C-4449-A279-74050FC768C7}"
EndProject
Project("{FAE04EC0-301F-11D3-BF4B-00C04F79EFBC}") = "Banshee.Plugins.Recommendation", "src\Plugins\Banshee.Plugins.Recommendation\Banshee.Plugins.Recommendation.csproj", "{9E040B08-991C-47F3-8933-685E937F93F6}"
EndProject
Project("{FAE04EC0-301F-11D3-BF4B-00C04F79EFBC}") = "Banshee.Plugins.Sample", "src\Plugins\Banshee.Plugins.Sample\Banshee.Plugins.Sample.csproj", "{7E82FE42-1E45-4F08-8904-9108DB8B8407}"
EndProject
Project("{2150E333-8FDC-42A3-9474-1A3956D46DE8}") = "Dap", "Dap", "{4D883F04-AF94-485F-A19E-4ACC544B3FD6}"
EndProject
Project("{FAE04EC0-301F-11D3-BF4B-00C04F79EFBC}") = "Banshee.Dap.Ipod", "src\Dap\Banshee.Dap.Ipod\Banshee.Dap.Ipod.csproj", "{40A5E433-36B2-41A4-9B28-B9BCAF2CE1A3}"
EndProject
Project("{FAE04EC0-301F-11D3-BF4B-00C04F79EFBC}") = "Banshee.Dap.Njb", "src\Dap\Banshee.Dap.Njb\Banshee.Dap.Njb.csproj", "{7315A35E-EADE-4988-947A-CBDE7423C377}"
EndProject
Project("{FAE04EC0-301F-11D3-BF4B-00C04F79EFBC}") = "Banshee.Dap.Mtp", "src\Dap\Banshee.Dap.Mtp\Banshee.Dap.Mtp.csproj", "{26B8750B-DB4A-4874-90DF-D9EDCD9E0C3B}"
EndProject
Project("{FAE04EC0-301F-11D3-BF4B-00C04F79EFBC}") = "Banshee.Dap.Karma", "src\Dap\Banshee.Dap.Karma\Banshee.Dap.Karma.csproj", "{9DA2250E-D794-48B5-BD7F-DB50CBCEF9D0}"
EndProject
Project("{FAE04EC0-301F-11D3-BF4B-00C04F79EFBC}") = "Banshee.Dap.MassStorage", "src\Dap\Banshee.Dap.MassStorage\Banshee.Dap.MassStorage.csproj", "{A588D88A-AF7A-49FA-82E3-23351928D72C}"
EndProject
Project("{8BC9CEB8-8B4A-11D0-8D11-00A0C91BC942}") = "libbanshee", "libbanshee\libbanshee.vcproj", "{0BD4DA37-7F45-44B0-B03B-C879EE996ECC}"
EndProject
Project("{FAE04EC0-301F-11D3-BF4B-00C04F79EFBC}") = "Banshee.MediaEngine.DirectSound", "src\Engines\Banshee.MediaEngine.DirectSound\Banshee.MediaEngine.DirectSound.csproj", "{30A28CDA-65EB-4320-AED9-603B480DC1F8}"
EndProject
Project("{2150E333-8FDC-42A3-9474-1A3956D46DE8}") = "Solution Items", "Solution Items", "{6CF2636B-A78B-4047-AFC2-53F26BCD1F88}"
	ProjectSection(SolutionItems) = preProject
		ChangeLog = ChangeLog
	EndProjectSection
EndProject
Project("{FAE04EC0-301F-11D3-BF4B-00C04F79EFBC}") = "Banshee.Plugins.Restore", "src\Plugins\Banshee.Plugins.Restore\Banshee.Plugins.Restore.csproj", "{91A775A0-57B9-49E2-8E32-4FEDA0060E45}"
EndProject
Global
	GlobalSection(SolutionConfigurationPlatforms) = preSolution
		Debug|Any CPU = Debug|Any CPU
		Debug|Mixed Platforms = Debug|Mixed Platforms
		Debug|Win32 = Debug|Win32
		Release|Any CPU = Release|Any CPU
		Release|Mixed Platforms = Release|Mixed Platforms
		Release|Win32 = Release|Win32
	EndGlobalSection
	GlobalSection(ProjectConfigurationPlatforms) = postSolution
		{922F1199-FC80-4DF4-B999-BCAEEB8494C6}.Debug|Any CPU.ActiveCfg = Debug|Any CPU
		{922F1199-FC80-4DF4-B999-BCAEEB8494C6}.Debug|Any CPU.Build.0 = Debug|Any CPU
		{922F1199-FC80-4DF4-B999-BCAEEB8494C6}.Debug|Mixed Platforms.ActiveCfg = Debug|Any CPU
		{922F1199-FC80-4DF4-B999-BCAEEB8494C6}.Debug|Mixed Platforms.Build.0 = Debug|Any CPU
		{922F1199-FC80-4DF4-B999-BCAEEB8494C6}.Debug|Win32.ActiveCfg = Debug|Any CPU
		{922F1199-FC80-4DF4-B999-BCAEEB8494C6}.Release|Any CPU.ActiveCfg = Debug|Any CPU
		{922F1199-FC80-4DF4-B999-BCAEEB8494C6}.Release|Any CPU.Build.0 = Debug|Any CPU
		{922F1199-FC80-4DF4-B999-BCAEEB8494C6}.Release|Mixed Platforms.ActiveCfg = Release|Any CPU
		{922F1199-FC80-4DF4-B999-BCAEEB8494C6}.Release|Mixed Platforms.Build.0 = Release|Any CPU
		{922F1199-FC80-4DF4-B999-BCAEEB8494C6}.Release|Win32.ActiveCfg = Debug|Any CPU
		{BF7D240C-D323-47DA-B14B-B0EE4452816B}.Debug|Any CPU.ActiveCfg = Debug|Any CPU
		{BF7D240C-D323-47DA-B14B-B0EE4452816B}.Debug|Any CPU.Build.0 = Debug|Any CPU
		{BF7D240C-D323-47DA-B14B-B0EE4452816B}.Debug|Mixed Platforms.ActiveCfg = Debug|Any CPU
		{BF7D240C-D323-47DA-B14B-B0EE4452816B}.Debug|Mixed Platforms.Build.0 = Debug|Any CPU
		{BF7D240C-D323-47DA-B14B-B0EE4452816B}.Debug|Win32.ActiveCfg = Debug|Any CPU
		{BF7D240C-D323-47DA-B14B-B0EE4452816B}.Release|Any CPU.ActiveCfg = Debug|Any CPU
		{BF7D240C-D323-47DA-B14B-B0EE4452816B}.Release|Any CPU.Build.0 = Debug|Any CPU
		{BF7D240C-D323-47DA-B14B-B0EE4452816B}.Release|Mixed Platforms.ActiveCfg = Release|Any CPU
		{BF7D240C-D323-47DA-B14B-B0EE4452816B}.Release|Mixed Platforms.Build.0 = Release|Any CPU
		{BF7D240C-D323-47DA-B14B-B0EE4452816B}.Release|Win32.ActiveCfg = Debug|Any CPU
		{1987647C-6330-49BC-BBAE-7DC4A614F8B1}.Debug|Any CPU.ActiveCfg = Debug|Any CPU
		{1987647C-6330-49BC-BBAE-7DC4A614F8B1}.Debug|Any CPU.Build.0 = Debug|Any CPU
		{1987647C-6330-49BC-BBAE-7DC4A614F8B1}.Debug|Mixed Platforms.ActiveCfg = Debug|Any CPU
		{1987647C-6330-49BC-BBAE-7DC4A614F8B1}.Debug|Mixed Platforms.Build.0 = Debug|Any CPU
		{1987647C-6330-49BC-BBAE-7DC4A614F8B1}.Debug|Win32.ActiveCfg = Debug|Any CPU
		{1987647C-6330-49BC-BBAE-7DC4A614F8B1}.Release|Any CPU.ActiveCfg = Debug|Any CPU
		{1987647C-6330-49BC-BBAE-7DC4A614F8B1}.Release|Any CPU.Build.0 = Debug|Any CPU
		{1987647C-6330-49BC-BBAE-7DC4A614F8B1}.Release|Mixed Platforms.ActiveCfg = Release|Any CPU
		{1987647C-6330-49BC-BBAE-7DC4A614F8B1}.Release|Mixed Platforms.Build.0 = Release|Any CPU
		{1987647C-6330-49BC-BBAE-7DC4A614F8B1}.Release|Win32.ActiveCfg = Debug|Any CPU
		{79F46094-5CA6-4B4F-ACFF-4E7AB5F8C91A}.Debug|Any CPU.ActiveCfg = Debug|Any CPU
		{79F46094-5CA6-4B4F-ACFF-4E7AB5F8C91A}.Debug|Any CPU.Build.0 = Debug|Any CPU
		{79F46094-5CA6-4B4F-ACFF-4E7AB5F8C91A}.Debug|Mixed Platforms.ActiveCfg = Debug|Any CPU
		{79F46094-5CA6-4B4F-ACFF-4E7AB5F8C91A}.Debug|Mixed Platforms.Build.0 = Debug|Any CPU
		{79F46094-5CA6-4B4F-ACFF-4E7AB5F8C91A}.Debug|Win32.ActiveCfg = Debug|Any CPU
		{79F46094-5CA6-4B4F-ACFF-4E7AB5F8C91A}.Release|Any CPU.ActiveCfg = Debug|Any CPU
		{79F46094-5CA6-4B4F-ACFF-4E7AB5F8C91A}.Release|Any CPU.Build.0 = Debug|Any CPU
		{79F46094-5CA6-4B4F-ACFF-4E7AB5F8C91A}.Release|Mixed Platforms.ActiveCfg = Release|Any CPU
		{79F46094-5CA6-4B4F-ACFF-4E7AB5F8C91A}.Release|Mixed Platforms.Build.0 = Release|Any CPU
		{79F46094-5CA6-4B4F-ACFF-4E7AB5F8C91A}.Release|Win32.ActiveCfg = Debug|Any CPU
		{B89B7A12-9FC2-4337-8ED6-1F0A6873329C}.Debug|Any CPU.ActiveCfg = Debug|Any CPU
		{B89B7A12-9FC2-4337-8ED6-1F0A6873329C}.Debug|Any CPU.Build.0 = Debug|Any CPU
		{B89B7A12-9FC2-4337-8ED6-1F0A6873329C}.Debug|Mixed Platforms.ActiveCfg = Debug|Any CPU
		{B89B7A12-9FC2-4337-8ED6-1F0A6873329C}.Debug|Mixed Platforms.Build.0 = Debug|Any CPU
		{B89B7A12-9FC2-4337-8ED6-1F0A6873329C}.Debug|Win32.ActiveCfg = Debug|Any CPU
		{B89B7A12-9FC2-4337-8ED6-1F0A6873329C}.Release|Any CPU.ActiveCfg = Debug|Any CPU
		{B89B7A12-9FC2-4337-8ED6-1F0A6873329C}.Release|Any CPU.Build.0 = Debug|Any CPU
		{B89B7A12-9FC2-4337-8ED6-1F0A6873329C}.Release|Mixed Platforms.ActiveCfg = Release|Any CPU
		{B89B7A12-9FC2-4337-8ED6-1F0A6873329C}.Release|Mixed Platforms.Build.0 = Release|Any CPU
		{B89B7A12-9FC2-4337-8ED6-1F0A6873329C}.Release|Win32.ActiveCfg = Debug|Any CPU
		{CD011A51-B1BA-414A-8BFD-CB36F4469856}.Debug|Any CPU.ActiveCfg = Debug|Any CPU
		{CD011A51-B1BA-414A-8BFD-CB36F4469856}.Debug|Any CPU.Build.0 = Debug|Any CPU
		{CD011A51-B1BA-414A-8BFD-CB36F4469856}.Debug|Mixed Platforms.ActiveCfg = Debug|Any CPU
		{CD011A51-B1BA-414A-8BFD-CB36F4469856}.Debug|Mixed Platforms.Build.0 = Debug|Any CPU
		{CD011A51-B1BA-414A-8BFD-CB36F4469856}.Debug|Win32.ActiveCfg = Debug|Any CPU
		{CD011A51-B1BA-414A-8BFD-CB36F4469856}.Release|Any CPU.ActiveCfg = Debug|Any CPU
		{CD011A51-B1BA-414A-8BFD-CB36F4469856}.Release|Any CPU.Build.0 = Debug|Any CPU
		{CD011A51-B1BA-414A-8BFD-CB36F4469856}.Release|Mixed Platforms.ActiveCfg = Release|Any CPU
		{CD011A51-B1BA-414A-8BFD-CB36F4469856}.Release|Mixed Platforms.Build.0 = Release|Any CPU
		{CD011A51-B1BA-414A-8BFD-CB36F4469856}.Release|Win32.ActiveCfg = Debug|Any CPU
		{7C20256C-80D1-4634-A451-ED4BEB2A506B}.Debug|Any CPU.ActiveCfg = Debug|Any CPU
		{7C20256C-80D1-4634-A451-ED4BEB2A506B}.Debug|Any CPU.Build.0 = Debug|Any CPU
		{7C20256C-80D1-4634-A451-ED4BEB2A506B}.Debug|Mixed Platforms.ActiveCfg = Debug|Any CPU
		{7C20256C-80D1-4634-A451-ED4BEB2A506B}.Debug|Mixed Platforms.Build.0 = Debug|Any CPU
		{7C20256C-80D1-4634-A451-ED4BEB2A506B}.Debug|Win32.ActiveCfg = Debug|Any CPU
		{7C20256C-80D1-4634-A451-ED4BEB2A506B}.Release|Any CPU.ActiveCfg = Debug|Any CPU
		{7C20256C-80D1-4634-A451-ED4BEB2A506B}.Release|Any CPU.Build.0 = Debug|Any CPU
		{7C20256C-80D1-4634-A451-ED4BEB2A506B}.Release|Mixed Platforms.ActiveCfg = Release|Any CPU
		{7C20256C-80D1-4634-A451-ED4BEB2A506B}.Release|Mixed Platforms.Build.0 = Release|Any CPU
		{7C20256C-80D1-4634-A451-ED4BEB2A506B}.Release|Win32.ActiveCfg = Debug|Any CPU
		{22FAD697-E70C-48A4-89FB-744584C8F8FB}.Debug|Any CPU.ActiveCfg = Debug|Any CPU
		{22FAD697-E70C-48A4-89FB-744584C8F8FB}.Debug|Any CPU.Build.0 = Debug|Any CPU
		{22FAD697-E70C-48A4-89FB-744584C8F8FB}.Debug|Mixed Platforms.ActiveCfg = Debug|Any CPU
		{22FAD697-E70C-48A4-89FB-744584C8F8FB}.Debug|Mixed Platforms.Build.0 = Debug|Any CPU
		{22FAD697-E70C-48A4-89FB-744584C8F8FB}.Debug|Win32.ActiveCfg = Debug|Any CPU
		{22FAD697-E70C-48A4-89FB-744584C8F8FB}.Release|Any CPU.ActiveCfg = Debug|Any CPU
		{22FAD697-E70C-48A4-89FB-744584C8F8FB}.Release|Any CPU.Build.0 = Debug|Any CPU
		{22FAD697-E70C-48A4-89FB-744584C8F8FB}.Release|Mixed Platforms.ActiveCfg = Release|Any CPU
		{22FAD697-E70C-48A4-89FB-744584C8F8FB}.Release|Mixed Platforms.Build.0 = Release|Any CPU
		{22FAD697-E70C-48A4-89FB-744584C8F8FB}.Release|Win32.ActiveCfg = Debug|Any CPU
		{A0D8A5BB-3D0A-41C0-BA1F-108C682B460F}.Debug|Any CPU.ActiveCfg = Debug|Any CPU
		{A0D8A5BB-3D0A-41C0-BA1F-108C682B460F}.Debug|Any CPU.Build.0 = Debug|Any CPU
		{A0D8A5BB-3D0A-41C0-BA1F-108C682B460F}.Debug|Mixed Platforms.ActiveCfg = Debug|Any CPU
		{A0D8A5BB-3D0A-41C0-BA1F-108C682B460F}.Debug|Win32.ActiveCfg = Debug|Any CPU
		{A0D8A5BB-3D0A-41C0-BA1F-108C682B460F}.Release|Any CPU.ActiveCfg = Debug|Any CPU
		{A0D8A5BB-3D0A-41C0-BA1F-108C682B460F}.Release|Any CPU.Build.0 = Debug|Any CPU
		{A0D8A5BB-3D0A-41C0-BA1F-108C682B460F}.Release|Mixed Platforms.ActiveCfg = Release|Any CPU
		{A0D8A5BB-3D0A-41C0-BA1F-108C682B460F}.Release|Mixed Platforms.Build.0 = Release|Any CPU
		{A0D8A5BB-3D0A-41C0-BA1F-108C682B460F}.Release|Win32.ActiveCfg = Debug|Any CPU
		{65FEA78B-9780-4A9D-9E7A-765304A64673}.Debug|Any CPU.ActiveCfg = Debug|Any CPU
		{65FEA78B-9780-4A9D-9E7A-765304A64673}.Debug|Any CPU.Build.0 = Debug|Any CPU
		{65FEA78B-9780-4A9D-9E7A-765304A64673}.Debug|Mixed Platforms.ActiveCfg = Debug|Any CPU
		{65FEA78B-9780-4A9D-9E7A-765304A64673}.Debug|Mixed Platforms.Build.0 = Debug|Any CPU
		{65FEA78B-9780-4A9D-9E7A-765304A64673}.Debug|Win32.ActiveCfg = Debug|Any CPU
		{65FEA78B-9780-4A9D-9E7A-765304A64673}.Release|Any CPU.ActiveCfg = Debug|Any CPU
		{65FEA78B-9780-4A9D-9E7A-765304A64673}.Release|Any CPU.Build.0 = Debug|Any CPU
		{65FEA78B-9780-4A9D-9E7A-765304A64673}.Release|Mixed Platforms.ActiveCfg = Release|Any CPU
		{65FEA78B-9780-4A9D-9E7A-765304A64673}.Release|Mixed Platforms.Build.0 = Release|Any CPU
		{65FEA78B-9780-4A9D-9E7A-765304A64673}.Release|Win32.ActiveCfg = Debug|Any CPU
		{C8019E1F-BD0C-4249-9038-4F743BC9F9CF}.Debug|Any CPU.ActiveCfg = Debug|Any CPU
		{C8019E1F-BD0C-4249-9038-4F743BC9F9CF}.Debug|Any CPU.Build.0 = Debug|Any CPU
		{C8019E1F-BD0C-4249-9038-4F743BC9F9CF}.Debug|Mixed Platforms.ActiveCfg = Debug|Any CPU
		{C8019E1F-BD0C-4249-9038-4F743BC9F9CF}.Debug|Win32.ActiveCfg = Debug|Any CPU
		{C8019E1F-BD0C-4249-9038-4F743BC9F9CF}.Release|Any CPU.ActiveCfg = Debug|Any CPU
		{C8019E1F-BD0C-4249-9038-4F743BC9F9CF}.Release|Any CPU.Build.0 = Debug|Any CPU
		{C8019E1F-BD0C-4249-9038-4F743BC9F9CF}.Release|Mixed Platforms.ActiveCfg = Release|Any CPU
		{C8019E1F-BD0C-4249-9038-4F743BC9F9CF}.Release|Win32.ActiveCfg = Debug|Any CPU
		{27B49C59-88F7-4EFC-A65B-7C10BA24B3D0}.Debug|Any CPU.ActiveCfg = Debug|Any CPU
		{27B49C59-88F7-4EFC-A65B-7C10BA24B3D0}.Debug|Any CPU.Build.0 = Debug|Any CPU
		{27B49C59-88F7-4EFC-A65B-7C10BA24B3D0}.Debug|Mixed Platforms.ActiveCfg = Debug|Any CPU
		{27B49C59-88F7-4EFC-A65B-7C10BA24B3D0}.Debug|Win32.ActiveCfg = Debug|Any CPU
		{27B49C59-88F7-4EFC-A65B-7C10BA24B3D0}.Release|Any CPU.ActiveCfg = Debug|Any CPU
		{27B49C59-88F7-4EFC-A65B-7C10BA24B3D0}.Release|Any CPU.Build.0 = Debug|Any CPU
		{27B49C59-88F7-4EFC-A65B-7C10BA24B3D0}.Release|Mixed Platforms.ActiveCfg = Release|Any CPU
		{27B49C59-88F7-4EFC-A65B-7C10BA24B3D0}.Release|Mixed Platforms.Build.0 = Release|Any CPU
		{27B49C59-88F7-4EFC-A65B-7C10BA24B3D0}.Release|Win32.ActiveCfg = Debug|Any CPU
		{BE6A4F4D-3AB9-46B0-A673-BA12963ED1AD}.Debug|Any CPU.ActiveCfg = Debug|Any CPU
		{BE6A4F4D-3AB9-46B0-A673-BA12963ED1AD}.Debug|Any CPU.Build.0 = Debug|Any CPU
		{BE6A4F4D-3AB9-46B0-A673-BA12963ED1AD}.Debug|Mixed Platforms.ActiveCfg = Debug|Any CPU
		{BE6A4F4D-3AB9-46B0-A673-BA12963ED1AD}.Debug|Win32.ActiveCfg = Debug|Any CPU
		{BE6A4F4D-3AB9-46B0-A673-BA12963ED1AD}.Release|Any CPU.ActiveCfg = Debug|Any CPU
		{BE6A4F4D-3AB9-46B0-A673-BA12963ED1AD}.Release|Any CPU.Build.0 = Debug|Any CPU
		{BE6A4F4D-3AB9-46B0-A673-BA12963ED1AD}.Release|Mixed Platforms.ActiveCfg = Release|Any CPU
		{BE6A4F4D-3AB9-46B0-A673-BA12963ED1AD}.Release|Mixed Platforms.Build.0 = Release|Any CPU
		{BE6A4F4D-3AB9-46B0-A673-BA12963ED1AD}.Release|Win32.ActiveCfg = Debug|Any CPU
		{624EE2B8-E4A7-4E0B-AFB1-83E2299EC0DB}.Debug|Any CPU.ActiveCfg = Debug|Any CPU
		{624EE2B8-E4A7-4E0B-AFB1-83E2299EC0DB}.Debug|Any CPU.Build.0 = Debug|Any CPU
		{624EE2B8-E4A7-4E0B-AFB1-83E2299EC0DB}.Debug|Mixed Platforms.ActiveCfg = Debug|Any CPU
		{624EE2B8-E4A7-4E0B-AFB1-83E2299EC0DB}.Debug|Mixed Platforms.Build.0 = Debug|Any CPU
		{624EE2B8-E4A7-4E0B-AFB1-83E2299EC0DB}.Debug|Win32.ActiveCfg = Debug|Any CPU
		{624EE2B8-E4A7-4E0B-AFB1-83E2299EC0DB}.Release|Any CPU.ActiveCfg = Debug|Any CPU
		{624EE2B8-E4A7-4E0B-AFB1-83E2299EC0DB}.Release|Any CPU.Build.0 = Debug|Any CPU
		{624EE2B8-E4A7-4E0B-AFB1-83E2299EC0DB}.Release|Mixed Platforms.ActiveCfg = Release|Any CPU
		{624EE2B8-E4A7-4E0B-AFB1-83E2299EC0DB}.Release|Mixed Platforms.Build.0 = Release|Any CPU
		{624EE2B8-E4A7-4E0B-AFB1-83E2299EC0DB}.Release|Win32.ActiveCfg = Debug|Any CPU
		{AE3CEFAF-272F-41D8-9B9C-6E60EA260043}.Debug|Any CPU.ActiveCfg = Debug|Any CPU
		{AE3CEFAF-272F-41D8-9B9C-6E60EA260043}.Debug|Any CPU.Build.0 = Debug|Any CPU
		{AE3CEFAF-272F-41D8-9B9C-6E60EA260043}.Debug|Mixed Platforms.ActiveCfg = Debug|Any CPU
		{AE3CEFAF-272F-41D8-9B9C-6E60EA260043}.Debug|Mixed Platforms.Build.0 = Debug|Any CPU
		{AE3CEFAF-272F-41D8-9B9C-6E60EA260043}.Debug|Win32.ActiveCfg = Debug|Any CPU
		{AE3CEFAF-272F-41D8-9B9C-6E60EA260043}.Release|Any CPU.ActiveCfg = Debug|Any CPU
		{AE3CEFAF-272F-41D8-9B9C-6E60EA260043}.Release|Any CPU.Build.0 = Debug|Any CPU
		{AE3CEFAF-272F-41D8-9B9C-6E60EA260043}.Release|Mixed Platforms.ActiveCfg = Release|Any CPU
		{AE3CEFAF-272F-41D8-9B9C-6E60EA260043}.Release|Mixed Platforms.Build.0 = Release|Any CPU
		{AE3CEFAF-272F-41D8-9B9C-6E60EA260043}.Release|Win32.ActiveCfg = Debug|Any CPU
		{FF0D1E6C-4811-4E0F-8D2C-40932DD6EE20}.Debug|Any CPU.ActiveCfg = Debug|Any CPU
		{FF0D1E6C-4811-4E0F-8D2C-40932DD6EE20}.Debug|Any CPU.Build.0 = Debug|Any CPU
		{FF0D1E6C-4811-4E0F-8D2C-40932DD6EE20}.Debug|Mixed Platforms.ActiveCfg = Debug|Any CPU
		{FF0D1E6C-4811-4E0F-8D2C-40932DD6EE20}.Debug|Mixed Platforms.Build.0 = Debug|Any CPU
		{FF0D1E6C-4811-4E0F-8D2C-40932DD6EE20}.Debug|Win32.ActiveCfg = Debug|Any CPU
		{FF0D1E6C-4811-4E0F-8D2C-40932DD6EE20}.Release|Any CPU.ActiveCfg = Debug|Any CPU
		{FF0D1E6C-4811-4E0F-8D2C-40932DD6EE20}.Release|Any CPU.Build.0 = Debug|Any CPU
		{FF0D1E6C-4811-4E0F-8D2C-40932DD6EE20}.Release|Mixed Platforms.ActiveCfg = Release|Any CPU
		{FF0D1E6C-4811-4E0F-8D2C-40932DD6EE20}.Release|Mixed Platforms.Build.0 = Release|Any CPU
		{FF0D1E6C-4811-4E0F-8D2C-40932DD6EE20}.Release|Win32.ActiveCfg = Debug|Any CPU
		{A5C372AB-F37C-4449-A279-74050FC768C7}.Debug|Any CPU.ActiveCfg = Debug|Any CPU
		{A5C372AB-F37C-4449-A279-74050FC768C7}.Debug|Any CPU.Build.0 = Debug|Any CPU
		{A5C372AB-F37C-4449-A279-74050FC768C7}.Debug|Mixed Platforms.ActiveCfg = Debug|Any CPU
		{A5C372AB-F37C-4449-A279-74050FC768C7}.Debug|Mixed Platforms.Build.0 = Debug|Any CPU
		{A5C372AB-F37C-4449-A279-74050FC768C7}.Debug|Win32.ActiveCfg = Debug|Any CPU
		{A5C372AB-F37C-4449-A279-74050FC768C7}.Release|Any CPU.ActiveCfg = Debug|Any CPU
		{A5C372AB-F37C-4449-A279-74050FC768C7}.Release|Any CPU.Build.0 = Debug|Any CPU
		{A5C372AB-F37C-4449-A279-74050FC768C7}.Release|Mixed Platforms.ActiveCfg = Release|Any CPU
		{A5C372AB-F37C-4449-A279-74050FC768C7}.Release|Mixed Platforms.Build.0 = Release|Any CPU
		{A5C372AB-F37C-4449-A279-74050FC768C7}.Release|Win32.ActiveCfg = Debug|Any CPU
		{9E040B08-991C-47F3-8933-685E937F93F6}.Debug|Any CPU.ActiveCfg = Debug|Any CPU
		{9E040B08-991C-47F3-8933-685E937F93F6}.Debug|Any CPU.Build.0 = Debug|Any CPU
		{9E040B08-991C-47F3-8933-685E937F93F6}.Debug|Mixed Platforms.ActiveCfg = Debug|Any CPU
		{9E040B08-991C-47F3-8933-685E937F93F6}.Debug|Win32.ActiveCfg = Debug|Any CPU
		{9E040B08-991C-47F3-8933-685E937F93F6}.Release|Any CPU.ActiveCfg = Debug|Any CPU
		{9E040B08-991C-47F3-8933-685E937F93F6}.Release|Any CPU.Build.0 = Debug|Any CPU
		{9E040B08-991C-47F3-8933-685E937F93F6}.Release|Mixed Platforms.ActiveCfg = Release|Any CPU
		{9E040B08-991C-47F3-8933-685E937F93F6}.Release|Mixed Platforms.Build.0 = Release|Any CPU
		{9E040B08-991C-47F3-8933-685E937F93F6}.Release|Win32.ActiveCfg = Debug|Any CPU
		{7E82FE42-1E45-4F08-8904-9108DB8B8407}.Debug|Any CPU.ActiveCfg = Debug|Any CPU
		{7E82FE42-1E45-4F08-8904-9108DB8B8407}.Debug|Any CPU.Build.0 = Debug|Any CPU
		{7E82FE42-1E45-4F08-8904-9108DB8B8407}.Debug|Mixed Platforms.ActiveCfg = Debug|Any CPU
		{7E82FE42-1E45-4F08-8904-9108DB8B8407}.Debug|Win32.ActiveCfg = Debug|Any CPU
		{7E82FE42-1E45-4F08-8904-9108DB8B8407}.Release|Any CPU.ActiveCfg = Debug|Any CPU
		{7E82FE42-1E45-4F08-8904-9108DB8B8407}.Release|Any CPU.Build.0 = Debug|Any CPU
		{7E82FE42-1E45-4F08-8904-9108DB8B8407}.Release|Mixed Platforms.ActiveCfg = Release|Any CPU
		{7E82FE42-1E45-4F08-8904-9108DB8B8407}.Release|Win32.ActiveCfg = Debug|Any CPU
		{40A5E433-36B2-41A4-9B28-B9BCAF2CE1A3}.Debug|Any CPU.ActiveCfg = Debug|Any CPU
		{40A5E433-36B2-41A4-9B28-B9BCAF2CE1A3}.Debug|Mixed Platforms.ActiveCfg = Debug|Any CPU
		{40A5E433-36B2-41A4-9B28-B9BCAF2CE1A3}.Debug|Win32.ActiveCfg = Debug|Any CPU
		{40A5E433-36B2-41A4-9B28-B9BCAF2CE1A3}.Release|Any CPU.ActiveCfg = Debug|Any CPU
		{40A5E433-36B2-41A4-9B28-B9BCAF2CE1A3}.Release|Any CPU.Build.0 = Debug|Any CPU
		{40A5E433-36B2-41A4-9B28-B9BCAF2CE1A3}.Release|Mixed Platforms.ActiveCfg = Release|Any CPU
		{40A5E433-36B2-41A4-9B28-B9BCAF2CE1A3}.Release|Win32.ActiveCfg = Debug|Any CPU
		{7315A35E-EADE-4988-947A-CBDE7423C377}.Debug|Any CPU.ActiveCfg = Debug|Any CPU
		{7315A35E-EADE-4988-947A-CBDE7423C377}.Debug|Mixed Platforms.ActiveCfg = Debug|Any CPU
		{7315A35E-EADE-4988-947A-CBDE7423C377}.Debug|Win32.ActiveCfg = Debug|Any CPU
		{7315A35E-EADE-4988-947A-CBDE7423C377}.Release|Any CPU.ActiveCfg = Debug|Any CPU
		{7315A35E-EADE-4988-947A-CBDE7423C377}.Release|Any CPU.Build.0 = Debug|Any CPU
		{7315A35E-EADE-4988-947A-CBDE7423C377}.Release|Mixed Platforms.ActiveCfg = Release|Any CPU
		{7315A35E-EADE-4988-947A-CBDE7423C377}.Release|Win32.ActiveCfg = Debug|Any CPU
		{26B8750B-DB4A-4874-90DF-D9EDCD9E0C3B}.Debug|Any CPU.ActiveCfg = Debug|Any CPU
		{26B8750B-DB4A-4874-90DF-D9EDCD9E0C3B}.Debug|Mixed Platforms.ActiveCfg = Debug|Any CPU
		{26B8750B-DB4A-4874-90DF-D9EDCD9E0C3B}.Debug|Win32.ActiveCfg = Debug|Any CPU
		{26B8750B-DB4A-4874-90DF-D9EDCD9E0C3B}.Release|Any CPU.ActiveCfg = Debug|Any CPU
		{26B8750B-DB4A-4874-90DF-D9EDCD9E0C3B}.Release|Any CPU.Build.0 = Debug|Any CPU
		{26B8750B-DB4A-4874-90DF-D9EDCD9E0C3B}.Release|Mixed Platforms.ActiveCfg = Release|Any CPU
		{26B8750B-DB4A-4874-90DF-D9EDCD9E0C3B}.Release|Win32.ActiveCfg = Debug|Any CPU
		{9DA2250E-D794-48B5-BD7F-DB50CBCEF9D0}.Debug|Any CPU.ActiveCfg = Debug|Any CPU
		{9DA2250E-D794-48B5-BD7F-DB50CBCEF9D0}.Debug|Mixed Platforms.ActiveCfg = Debug|Any CPU
		{9DA2250E-D794-48B5-BD7F-DB50CBCEF9D0}.Debug|Win32.ActiveCfg = Debug|Any CPU
		{9DA2250E-D794-48B5-BD7F-DB50CBCEF9D0}.Release|Any CPU.ActiveCfg = Debug|Any CPU
		{9DA2250E-D794-48B5-BD7F-DB50CBCEF9D0}.Release|Any CPU.Build.0 = Debug|Any CPU
		{9DA2250E-D794-48B5-BD7F-DB50CBCEF9D0}.Release|Mixed Platforms.ActiveCfg = Release|Any CPU
		{9DA2250E-D794-48B5-BD7F-DB50CBCEF9D0}.Release|Win32.ActiveCfg = Debug|Any CPU
		{A588D88A-AF7A-49FA-82E3-23351928D72C}.Debug|Any CPU.ActiveCfg = Debug|Any CPU
		{A588D88A-AF7A-49FA-82E3-23351928D72C}.Debug|Mixed Platforms.ActiveCfg = Debug|Any CPU
		{A588D88A-AF7A-49FA-82E3-23351928D72C}.Debug|Win32.ActiveCfg = Debug|Any CPU
		{A588D88A-AF7A-49FA-82E3-23351928D72C}.Release|Any CPU.ActiveCfg = Debug|Any CPU
		{A588D88A-AF7A-49FA-82E3-23351928D72C}.Release|Any CPU.Build.0 = Debug|Any CPU
		{A588D88A-AF7A-49FA-82E3-23351928D72C}.Release|Mixed Platforms.ActiveCfg = Release|Any CPU
		{A588D88A-AF7A-49FA-82E3-23351928D72C}.Release|Win32.ActiveCfg = Debug|Any CPU
		{0BD4DA37-7F45-44B0-B03B-C879EE996ECC}.Debug|Any CPU.ActiveCfg = Debug|Win32
		{0BD4DA37-7F45-44B0-B03B-C879EE996ECC}.Debug|Mixed Platforms.ActiveCfg = Debug|Win32
		{0BD4DA37-7F45-44B0-B03B-C879EE996ECC}.Debug|Mixed Platforms.Build.0 = Debug|Win32
		{0BD4DA37-7F45-44B0-B03B-C879EE996ECC}.Debug|Win32.ActiveCfg = Debug|Win32
		{0BD4DA37-7F45-44B0-B03B-C879EE996ECC}.Debug|Win32.Build.0 = Debug|Win32
		{0BD4DA37-7F45-44B0-B03B-C879EE996ECC}.Release|Any CPU.ActiveCfg = Release|Win32
		{0BD4DA37-7F45-44B0-B03B-C879EE996ECC}.Release|Mixed Platforms.ActiveCfg = Release|Win32
		{0BD4DA37-7F45-44B0-B03B-C879EE996ECC}.Release|Mixed Platforms.Build.0 = Release|Win32
		{0BD4DA37-7F45-44B0-B03B-C879EE996ECC}.Release|Win32.ActiveCfg = Release|Win32
		{0BD4DA37-7F45-44B0-B03B-C879EE996ECC}.Release|Win32.Build.0 = Release|Win32
		{30A28CDA-65EB-4320-AED9-603B480DC1F8}.Debug|Any CPU.ActiveCfg = Debug|Any CPU
		{30A28CDA-65EB-4320-AED9-603B480DC1F8}.Debug|Any CPU.Build.0 = Debug|Any CPU
		{30A28CDA-65EB-4320-AED9-603B480DC1F8}.Debug|Mixed Platforms.ActiveCfg = Debug|Any CPU
		{30A28CDA-65EB-4320-AED9-603B480DC1F8}.Debug|Win32.ActiveCfg = Debug|Any CPU
		{30A28CDA-65EB-4320-AED9-603B480DC1F8}.Release|Any CPU.ActiveCfg = Release|Any CPU
		{30A28CDA-65EB-4320-AED9-603B480DC1F8}.Release|Any CPU.Build.0 = Release|Any CPU
		{30A28CDA-65EB-4320-AED9-603B480DC1F8}.Release|Mixed Platforms.ActiveCfg = Release|Any CPU
		{30A28CDA-65EB-4320-AED9-603B480DC1F8}.Release|Mixed Platforms.Build.0 = Release|Any CPU
		{30A28CDA-65EB-4320-AED9-603B480DC1F8}.Release|Win32.ActiveCfg = Release|Any CPU
		{91A775A0-57B9-49E2-8E32-4FEDA0060E45}.Debug|Any CPU.ActiveCfg = Debug|Any CPU
		{91A775A0-57B9-49E2-8E32-4FEDA0060E45}.Debug|Any CPU.Build.0 = Debug|Any CPU
		{91A775A0-57B9-49E2-8E32-4FEDA0060E45}.Debug|Mixed Platforms.ActiveCfg = Debug|Any CPU
		{91A775A0-57B9-49E2-8E32-4FEDA0060E45}.Debug|Mixed Platforms.Build.0 = Debug|Any CPU
		{91A775A0-57B9-49E2-8E32-4FEDA0060E45}.Debug|Win32.ActiveCfg = Debug|Any CPU
		{91A775A0-57B9-49E2-8E32-4FEDA0060E45}.Release|Any CPU.ActiveCfg = Release|Any CPU
		{91A775A0-57B9-49E2-8E32-4FEDA0060E45}.Release|Any CPU.Build.0 = Release|Any CPU
		{91A775A0-57B9-49E2-8E32-4FEDA0060E45}.Release|Mixed Platforms.ActiveCfg = Release|Any CPU
		{91A775A0-57B9-49E2-8E32-4FEDA0060E45}.Release|Mixed Platforms.Build.0 = Release|Any CPU
		{91A775A0-57B9-49E2-8E32-4FEDA0060E45}.Release|Win32.ActiveCfg = Release|Any CPU
	EndGlobalSection
	GlobalSection(SolutionProperties) = preSolution
		HideSolutionNode = FALSE
	EndGlobalSection
	GlobalSection(NestedProjects) = preSolution
		{A75152E8-0436-4A66-9271-91DF47786DEC} = {3F056FE5-1B1B-49F4-BDF6-40F6E04B67D0}
		{1F50233E-0D9D-4329-8AEC-07EA069ED6F4} = {3F056FE5-1B1B-49F4-BDF6-40F6E04B67D0}
		{AFF0F1D8-FB37-43E6-A471-A7977D12A56E} = {3F056FE5-1B1B-49F4-BDF6-40F6E04B67D0}
		{F0406367-8E01-410E-97D6-C57A72605955} = {3F056FE5-1B1B-49F4-BDF6-40F6E04B67D0}
		{4D883F04-AF94-485F-A19E-4ACC544B3FD6} = {3F056FE5-1B1B-49F4-BDF6-40F6E04B67D0}
		{922F1199-FC80-4DF4-B999-BCAEEB8494C6} = {A75152E8-0436-4A66-9271-91DF47786DEC}
		{BF7D240C-D323-47DA-B14B-B0EE4452816B} = {A75152E8-0436-4A66-9271-91DF47786DEC}
		{1987647C-6330-49BC-BBAE-7DC4A614F8B1} = {A75152E8-0436-4A66-9271-91DF47786DEC}
		{79F46094-5CA6-4B4F-ACFF-4E7AB5F8C91A} = {A75152E8-0436-4A66-9271-91DF47786DEC}
		{B89B7A12-9FC2-4337-8ED6-1F0A6873329C} = {1F50233E-0D9D-4329-8AEC-07EA069ED6F4}
		{CD011A51-B1BA-414A-8BFD-CB36F4469856} = {1F50233E-0D9D-4329-8AEC-07EA069ED6F4}
		{7C20256C-80D1-4634-A451-ED4BEB2A506B} = {1F50233E-0D9D-4329-8AEC-07EA069ED6F4}
		{22FAD697-E70C-48A4-89FB-744584C8F8FB} = {AFF0F1D8-FB37-43E6-A471-A7977D12A56E}
		{30A28CDA-65EB-4320-AED9-603B480DC1F8} = {AFF0F1D8-FB37-43E6-A471-A7977D12A56E}
		{A0D8A5BB-3D0A-41C0-BA1F-108C682B460F} = {F0406367-8E01-410E-97D6-C57A72605955}
		{65FEA78B-9780-4A9D-9E7A-765304A64673} = {F0406367-8E01-410E-97D6-C57A72605955}
		{C8019E1F-BD0C-4249-9038-4F743BC9F9CF} = {F0406367-8E01-410E-97D6-C57A72605955}
		{27B49C59-88F7-4EFC-A65B-7C10BA24B3D0} = {F0406367-8E01-410E-97D6-C57A72605955}
		{BE6A4F4D-3AB9-46B0-A673-BA12963ED1AD} = {F0406367-8E01-410E-97D6-C57A72605955}
		{624EE2B8-E4A7-4E0B-AFB1-83E2299EC0DB} = {F0406367-8E01-410E-97D6-C57A72605955}
		{AE3CEFAF-272F-41D8-9B9C-6E60EA260043} = {F0406367-8E01-410E-97D6-C57A72605955}
		{FF0D1E6C-4811-4E0F-8D2C-40932DD6EE20} = {F0406367-8E01-410E-97D6-C57A72605955}
		{A5C372AB-F37C-4449-A279-74050FC768C7} = {F0406367-8E01-410E-97D6-C57A72605955}
		{9E040B08-991C-47F3-8933-685E937F93F6} = {F0406367-8E01-410E-97D6-C57A72605955}
		{7E82FE42-1E45-4F08-8904-9108DB8B8407} = {F0406367-8E01-410E-97D6-C57A72605955}
		{91A775A0-57B9-49E2-8E32-4FEDA0060E45} = {F0406367-8E01-410E-97D6-C57A72605955}
		{40A5E433-36B2-41A4-9B28-B9BCAF2CE1A3} = {4D883F04-AF94-485F-A19E-4ACC544B3FD6}
		{7315A35E-EADE-4988-947A-CBDE7423C377} = {4D883F04-AF94-485F-A19E-4ACC544B3FD6}
		{26B8750B-DB4A-4874-90DF-D9EDCD9E0C3B} = {4D883F04-AF94-485F-A19E-4ACC544B3FD6}
		{9DA2250E-D794-48B5-BD7F-DB50CBCEF9D0} = {4D883F04-AF94-485F-A19E-4ACC544B3FD6}
		{A588D88A-AF7A-49FA-82E3-23351928D72C} = {4D883F04-AF94-485F-A19E-4ACC544B3FD6}
	EndGlobalSection
EndGlobal
